
Microsoft Visual Studio Solution File, Format Version 12.00
# Visual Studio 2012
# SharpDevelop 5.1
VisualStudioVersion = 12.0.20827.3
MinimumVisualStudioVersion = 10.0.40219.1
Project("{FAE04EC0-301F-11D3-BF4B-00C04F79EFBC}") = "demo", "demo\demo.csproj", "{0AFDE679-3518-4796-97B0-696EEFAE662E}"
EndProject
Project("{FAE04EC0-301F-11D3-BF4B-00C04F79EFBC}") = "ObjectPrinterLib", "ObjectPrinterLib\ObjectPrinterLib.csproj", "{70A8548A-D6A9-4FB8-AF05-2E991077AF75}"
EndProject
Global
	GlobalSection(SolutionConfigurationPlatforms) = preSolution
		Debug|Any CPU = Debug|Any CPU
		Release|Any CPU = Release|Any CPU
	EndGlobalSection
	GlobalSection(ProjectConfigurationPlatforms) = postSolution
		{0AFDE679-3518-4796-97B0-696EEFAE662E}.Debug|Any CPU.ActiveCfg = Debug|Any CPU
		{0AFDE679-3518-4796-97B0-696EEFAE662E}.Debug|Any CPU.Build.0 = Debug|Any CPU
		{0AFDE679-3518-4796-97B0-696EEFAE662E}.Release|Any CPU.ActiveCfg = Release|Any CPU
		{0AFDE679-3518-4796-97B0-696EEFAE662E}.Release|Any CPU.Build.0 = Release|Any CPU
		{70A8548A-D6A9-4FB8-AF05-2E991077AF75}.Debug|Any CPU.ActiveCfg = Debug|Any CPU
		{70A8548A-D6A9-4FB8-AF05-2E991077AF75}.Debug|Any CPU.Build.0 = Debug|Any CPU
		{70A8548A-D6A9-4FB8-AF05-2E991077AF75}.Release|Any CPU.ActiveCfg = Release|Any CPU
		{70A8548A-D6A9-4FB8-AF05-2E991077AF75}.Release|Any CPU.Build.0 = Release|Any CPU
	EndGlobalSection
EndGlobal
